Microsoft Visual Studio Solution File, Format Version 12.00
# Visual Studio Version 17
VisualStudioVersion = 17.5.2.0
MinimumVisualStudioVersion = 10.0.40219.1
Project("{FAE04EC0-301F-11D3-BF4B-00C04F79EFBC}") = "Ex1.2", "Ex1.2.csproj", "{44A2140B-F39A-A7B6-47DA-6B6FF0B9E224}"
EndProject
Global
	GlobalSection(SolutionConfigurationPlatforms) = preSolution
		Debug|Any CPU = Debug|Any CPU
		Release|Any CPU = Release|Any CPU
	EndGlobalSection
	GlobalSection(ProjectConfigurationPlatforms) = postSolution
		{44A2140B-F39A-A7B6-47DA-6B6FF0B9E224}.Debug|Any CPU.ActiveCfg = Debug|Any CPU
		{44A2140B-F39A-A7B6-47DA-6B6FF0B9E224}.Debug|Any CPU.Build.0 = Debug|Any CPU
		{44A2140B-F39A-A7B6-47DA-6B6FF0B9E224}.Release|Any CPU.ActiveCfg = Release|Any CPU
		{44A2140B-F39A-A7B6-47DA-6B6FF0B9E224}.Release|Any CPU.Build.0 = Release|Any CPU
	EndGlobalSection
	GlobalSection(SolutionProperties) = preSolution
		HideSolutionNode = FALSE
	EndGlobalSection
	GlobalSection(ExtensibilityGlobals) = postSolution
		SolutionGuid = {E36475D5-EF3B-487A-97CA-57379F0ED973}
	EndGlobalSection
EndGlobal
