
Microsoft Visual Studio Solution File, Format Version 12.00
# Visual Studio Version 17
VisualStudioVersion = 17.0.31903.59
MinimumVisualStudioVersion = 10.0.40219.1
Project("{FAE04EC0-301F-11D3-BF4B-00C04F79EFBC}") = "exercicio3cs", "exercicio3cs\exercicio3cs.csproj", "{89BAE1A7-F11C-4EC7-BC4A-77E3E65D9005}"
EndProject
Project("{FAE04EC0-301F-11D3-BF4B-00C04F79EFBC}") = "ex3", "ex3\ex3.csproj", "{93E8BF04-7D4C-486A-A0A3-FB75A801BD64}"
EndProject
Project("{FAE04EC0-301F-11D3-BF4B-00C04F79EFBC}") = "ConsoleApp1", "ConsoleApp1\ConsoleApp1.csproj", "{7C88701F-27D0-438E-A198-4357D1ECC5E2}"
EndProject
Project("{FAE04EC0-301F-11D3-BF4B-00C04F79EFBC}") = "yas", "yas\yas.csproj", "{845D536F-5E93-4A05-BB07-1AF497C4CA6B}"
EndProject
Project("{2150E333-8FDC-42A3-9474-1A3956D46DE8}") = "Aula6", "Aula6", "{524550B4-BF10-CBF7-EC8D-67BB0CC8CAF5}"
EndProject
Project("{FAE04EC0-301F-11D3-BF4B-00C04F79EFBC}") = "exercicio3", "Aula6\exercicio3\exercicio3.csproj", "{76039684-8517-4FFF-B298-C2BA0076F79D}"
EndProject
Global
	GlobalSection(SolutionConfigurationPlatforms) = preSolution
		Debug|Any CPU = Debug|Any CPU
		Debug|x64 = Debug|x64
		Debug|x86 = Debug|x86
		Release|Any CPU = Release|Any CPU
		Release|x64 = Release|x64
		Release|x86 = Release|x86
	EndGlobalSection
	GlobalSection(ProjectConfigurationPlatforms) = postSolution
		{89BAE1A7-F11C-4EC7-BC4A-77E3E65D9005}.Debug|Any CPU.ActiveCfg = Debug|Any CPU
		{89BAE1A7-F11C-4EC7-BC4A-77E3E65D9005}.Debug|Any CPU.Build.0 = Debug|Any CPU
		{89BAE1A7-F11C-4EC7-BC4A-77E3E65D9005}.Debug|x64.ActiveCfg = Debug|Any CPU
		{89BAE1A7-F11C-4EC7-BC4A-77E3E65D9005}.Debug|x64.Build.0 = Debug|Any CPU
		{89BAE1A7-F11C-4EC7-BC4A-77E3E65D9005}.Debug|x86.ActiveCfg = Debug|Any CPU
		{89BAE1A7-F11C-4EC7-BC4A-77E3E65D9005}.Debug|x86.Build.0 = Debug|Any CPU
		{89BAE1A7-F11C-4EC7-BC4A-77E3E65D9005}.Release|Any CPU.ActiveCfg = Release|Any CPU
		{89BAE1A7-F11C-4EC7-BC4A-77E3E65D9005}.Release|Any CPU.Build.0 = Release|Any CPU
		{89BAE1A7-F11C-4EC7-BC4A-77E3E65D9005}.Release|x64.ActiveCfg = Release|Any CPU
		{89BAE1A7-F11C-4EC7-BC4A-77E3E65D9005}.Release|x64.Build.0 = Release|Any CPU
		{89BAE1A7-F11C-4EC7-BC4A-77E3E65D9005}.Release|x86.ActiveCfg = Release|Any CPU
		{89BAE1A7-F11C-4EC7-BC4A-77E3E65D9005}.Release|x86.Build.0 = Release|Any CPU
		{93E8BF04-7D4C-486A-A0A3-FB75A801BD64}.Debug|Any CPU.ActiveCfg = Debug|Any CPU
		{93E8BF04-7D4C-486A-A0A3-FB75A801BD64}.Debug|Any CPU.Build.0 = Debug|Any CPU
		{93E8BF04-7D4C-486A-A0A3-FB75A801BD64}.Debug|x64.ActiveCfg = Debug|Any CPU
		{93E8BF04-7D4C-486A-A0A3-FB75A801BD64}.Debug|x64.Build.0 = Debug|Any CPU
		{93E8BF04-7D4C-486A-A0A3-FB75A801BD64}.Debug|x86.ActiveCfg = Debug|Any CPU
		{93E8BF04-7D4C-486A-A0A3-FB75A801BD64}.Debug|x86.Build.0 = Debug|Any CPU
		{93E8BF04-7D4C-486A-A0A3-FB75A801BD64}.Release|Any CPU.ActiveCfg = Release|Any CPU
		{93E8BF04-7D4C-486A-A0A3-FB75A801BD64}.Release|Any CPU.Build.0 = Release|Any CPU
		{93E8BF04-7D4C-486A-A0A3-FB75A801BD64}.Release|x64.ActiveCfg = Release|Any CPU
		{93E8BF04-7D4C-486A-A0A3-FB75A801BD64}.Release|x64.Build.0 = Release|Any CPU
		{93E8BF04-7D4C-486A-A0A3-FB75A801BD64}.Release|x86.ActiveCfg = Release|Any CPU
		{93E8BF04-7D4C-486A-A0A3-FB75A801BD64}.Release|x86.Build.0 = Release|Any CPU
		{7C88701F-27D0-438E-A198-4357D1ECC5E2}.Debug|Any CPU.ActiveCfg = Debug|Any CPU
		{7C88701F-27D0-438E-A198-4357D1ECC5E2}.Debug|Any CPU.Build.0 = Debug|Any CPU
		{7C88701F-27D0-438E-A198-4357D1ECC5E2}.Debug|x64.ActiveCfg = Debug|Any CPU
		{7C88701F-27D0-438E-A198-4357D1ECC5E2}.Debug|x64.Build.0 = Debug|Any CPU
		{7C88701F-27D0-438E-A198-4357D1ECC5E2}.Debug|x86.ActiveCfg = Debug|Any CPU
		{7C88701F-27D0-438E-A198-4357D1ECC5E2}.Debug|x86.Build.0 = Debug|Any CPU
		{7C88701F-27D0-438E-A198-4357D1ECC5E2}.Release|Any CPU.ActiveCfg = Release|Any CPU
		{7C88701F-27D0-438E-A198-4357D1ECC5E2}.Release|Any CPU.Build.0 = Release|Any CPU
		{7C88701F-27D0-438E-A198-4357D1ECC5E2}.Release|x64.ActiveCfg = Release|Any CPU
		{7C88701F-27D0-438E-A198-4357D1ECC5E2}.Release|x64.Build.0 = Release|Any CPU
		{7C88701F-27D0-438E-A198-4357D1ECC5E2}.Release|x86.ActiveCfg = Release|Any CPU
		{7C88701F-27D0-438E-A198-4357D1ECC5E2}.Release|x86.Build.0 = Release|Any CPU
		{845D536F-5E93-4A05-BB07-1AF497C4CA6B}.Debug|Any CPU.ActiveCfg = Debug|Any CPU
		{845D536F-5E93-4A05-BB07-1AF497C4CA6B}.Debug|Any CPU.Build.0 = Debug|Any CPU
		{845D536F-5E93-4A05-BB07-1AF497C4CA6B}.Debug|x64.ActiveCfg = Debug|Any CPU
		{845D536F-5E93-4A05-BB07-1AF497C4CA6B}.Debug|x64.Build.0 = Debug|Any CPU
		{845D536F-5E93-4A05-BB07-1AF497C4CA6B}.Debug|x86.ActiveCfg = Debug|Any CPU
		{845D536F-5E93-4A05-BB07-1AF497C4CA6B}.Debug|x86.Build.0 = Debug|Any CPU
		{845D536F-5E93-4A05-BB07-1AF497C4CA6B}.Release|Any CPU.ActiveCfg = Release|Any CPU
		{845D536F-5E93-4A05-BB07-1AF497C4CA6B}.Release|Any CPU.Build.0 = Release|Any CPU
		{845D536F-5E93-4A05-BB07-1AF497C4CA6B}.Release|x64.ActiveCfg = Release|Any CPU
		{845D536F-5E93-4A05-BB07-1AF497C4CA6B}.Release|x64.Build.0 = Release|Any CPU
		{845D536F-5E93-4A05-BB07-1AF497C4CA6B}.Release|x86.ActiveCfg = Release|Any CPU
		{845D536F-5E93-4A05-BB07-1AF497C4CA6B}.Release|x86.Build.0 = Release|Any CPU
		{76039684-8517-4FFF-B298-C2BA0076F79D}.Debug|Any CPU.ActiveCfg = Debug|Any CPU
		{76039684-8517-4FFF-B298-C2BA0076F79D}.Debug|Any CPU.Build.0 = Debug|Any CPU
		{76039684-8517-4FFF-B298-C2BA0076F79D}.Debug|x64.ActiveCfg = Debug|Any CPU
		{76039684-8517-4FFF-B298-C2BA0076F79D}.Debug|x64.Build.0 = Debug|Any CPU
		{76039684-8517-4FFF-B298-C2BA0076F79D}.Debug|x86.ActiveCfg = Debug|Any CPU
		{76039684-8517-4FFF-B298-C2BA0076F79D}.Debug|x86.Build.0 = Debug|Any CPU
		{76039684-8517-4FFF-B298-C2BA0076F79D}.Release|Any CPU.ActiveCfg = Release|Any CPU
		{76039684-8517-4FFF-B298-C2BA0076F79D}.Release|Any CPU.Build.0 = Release|Any CPU
		{76039684-8517-4FFF-B298-C2BA0076F79D}.Release|x64.ActiveCfg = Release|Any CPU
		{76039684-8517-4FFF-B298-C2BA0076F79D}.Release|x64.Build.0 = Release|Any CPU
		{76039684-8517-4FFF-B298-C2BA0076F79D}.Release|x86.ActiveCfg = Release|Any CPU
		{76039684-8517-4FFF-B298-C2BA0076F79D}.Release|x86.Build.0 = Release|Any CPU
	EndGlobalSection
	GlobalSection(SolutionProperties) = preSolution
		HideSolutionNode = FALSE
	EndGlobalSection
	GlobalSection(NestedProjects) = preSolution
		{76039684-8517-4FFF-B298-C2BA0076F79D} = {524550B4-BF10-CBF7-EC8D-67BB0CC8CAF5}
	EndGlobalSection
EndGlobal
