Microsoft Visual Studio Solution File, Format Version 12.00
# Visual Studio Version 17
VisualStudioVersion = 17.5.2.0
MinimumVisualStudioVersion = 10.0.40219.1
Project("{FAE04EC0-301F-11D3-BF4B-00C04F79EFBC}") = "Ex4", "Ex4.csproj", "{6926C682-22C5-1EBF-DE30-4A4868DE30B1}"
EndProject
Global
	GlobalSection(SolutionConfigurationPlatforms) = preSolution
		Debug|Any CPU = Debug|Any CPU
		Release|Any CPU = Release|Any CPU
	EndGlobalSection
	GlobalSection(ProjectConfigurationPlatforms) = postSolution
		{6926C682-22C5-1EBF-DE30-4A4868DE30B1}.Debug|Any CPU.ActiveCfg = Debug|Any CPU
		{6926C682-22C5-1EBF-DE30-4A4868DE30B1}.Debug|Any CPU.Build.0 = Debug|Any CPU
		{6926C682-22C5-1EBF-DE30-4A4868DE30B1}.Release|Any CPU.ActiveCfg = Release|Any CPU
		{6926C682-22C5-1EBF-DE30-4A4868DE30B1}.Release|Any CPU.Build.0 = Release|Any CPU
	EndGlobalSection
	GlobalSection(SolutionProperties) = preSolution
		HideSolutionNode = FALSE
	EndGlobalSection
	GlobalSection(ExtensibilityGlobals) = postSolution
		SolutionGuid = {C4B134B6-A185-4134-9FB0-B702F7360651}
	EndGlobalSection
EndGlobal
